github.com/BurntSushi/xgb v0.0.0-20160522181843-27f122750802 h1:1BDTz0u9nC3//pOCMdNH+CiXJVYJh5UQNCOBG7jbELc=
github.com/BurntSushi/xgb v0.0.0-20160522181843-27f122750802/go.mod h1:IVnqGOEym/WlBOVXweHU+Q+/VP0lqqI8lqeDx9IjBqo=
github.com/zserge/webview v0.0.0-20180509070823-016c6ffd99f3/go.mod h1:a1CV8KR4Dd1eP2g+mEijGOp+HKczwdKHWyx0aPHKvo4=
github.com/zserge/webview v0.0.0-20190123072648-16c93bcaeaeb h1:zVjnyZIM7UtkG3dNckiudIm+TUHkZqi5xlVQPd3J6/c=
github.com/zserge/webview v0.0.0-20190123072648-16c93bcaeaeb/go.mod h1:a1CV8KR4Dd1eP2g+mEijGOp+HKczwdKHWyx0aPHKvo4=
