# This file is autogenerated, do not edit; changes may be undone by the next 'dep ensure'.


[[projects]]
  branch = "master"
  name = "github.com/BurntSushi/xgb"
  packages = [".","screensaver","xproto"]
  revision = "27f122750802c950b2c869a5b63dafcf590ced95"

[[projects]]
  branch = "master"
  name = "github.com/casimir/xdg-go"
  packages = ["."]
  revision = "372ccc2180dab73316615641d5617c5ed3e35529"

[solve-meta]
  analyzer-name = "dep"
  analyzer-version = 1
  inputs-digest = "d18fddac7723180d53897fcd6da229bc2a69841a46f7f46c950e30b049c6708d"
  solver-name = "gps-cdcl"
  solver-version = 1
