# This file is autogenerated, do not edit; changes may be undone by the next 'dep ensure'.


[[projects]]
  branch = "master"
  name = "github.com/BurntSushi/xgb"
  packages = [".","screensaver","xproto"]
  revision = "27f122750802c950b2c869a5b63dafcf590ced95"

[solve-meta]
  analyzer-name = "dep"
  analyzer-version = 1
  inputs-digest = "c75befe8da1bc6340b7049d2b6232c9aac3f562483ab81cab442d64e9e03e685"
  solver-name = "gps-cdcl"
  solver-version = 1
